
Microsoft Visual Studio Solution File, Format Version 12.00
# Visual Studio 15
VisualStudioVersion = 15.0.28307.852
MinimumVisualStudioVersion = 10.0.40219.1
Project("{FAE04EC0-301F-11D3-BF4B-00C04F79EFBC}") = "ConverterASP.NET", "ConverterASP.NET\ConverterASP.NET.csproj", "{A1C1987A-BA96-4A5F-BF6B-917B399CD4CC}"
EndProject
Global
	GlobalSection(SolutionConfigurationPlatforms) = preSolution
		Debug|Any CPU = Debug|Any CPU
		Release|Any CPU = Release|Any CPU
	EndGlobalSection
	GlobalSection(ProjectConfigurationPlatforms) = postSolution
		{A1C1987A-BA96-4A5F-BF6B-917B399CD4CC}.Debug|Any CPU.ActiveCfg = Debug|Any CPU
		{A1C1987A-BA96-4A5F-BF6B-917B399CD4CC}.Debug|Any CPU.Build.0 = Debug|Any CPU
		{A1C1987A-BA96-4A5F-BF6B-917B399CD4CC}.Release|Any CPU.ActiveCfg = Release|Any CPU
		{A1C1987A-BA96-4A5F-BF6B-917B399CD4CC}.Release|Any CPU.Build.0 = Release|Any CPU
	EndGlobalSection
	GlobalSection(SolutionProperties) = preSolution
		HideSolutionNode = FALSE
	EndGlobalSection
	GlobalSection(ExtensibilityGlobals) = postSolution
		SolutionGuid = {629F3004-ECE7-4446-8485-1C408F7B8024}
	EndGlobalSection
EndGlobal
